
Microsoft Visual Studio Solution File, Format Version 12.00
# Visual Studio 2012
Project("{FAE04EC0-301F-11D3-BF4B-00C04F79EFBC}") = "PublishTemplate1", "PublishTemplate1\PublishTemplate1.csproj", "{1B839F80-163A-4366-9D5E-1FBABB6E1117}"
EndProject
Global
	GlobalSection(SolutionConfigurationPlatforms) = preSolution
		Debug|Any CPU = Debug|Any CPU
		Release|Any CPU = Release|Any CPU
	EndGlobalSection
	GlobalSection(ProjectConfigurationPlatforms) = postSolution
		{1B839F80-163A-4366-9D5E-1FBABB6E1117}.Debug|Any CPU.ActiveCfg = Debug|Any CPU
		{1B839F80-163A-4366-9D5E-1FBABB6E1117}.Debug|Any CPU.Build.0 = Debug|Any CPU
		{1B839F80-163A-4366-9D5E-1FBABB6E1117}.Release|Any CPU.ActiveCfg = Release|Any CPU
		{1B839F80-163A-4366-9D5E-1FBABB6E1117}.Release|Any CPU.Build.0 = Release|Any CPU
	EndGlobalSection
	GlobalSection(SolutionProperties) = preSolution
		HideSolutionNode = FALSE
	EndGlobalSection
EndGlobal
